
Microsoft Visual Studio Solution File, Format Version 12.00
# Visual Studio Version 17
VisualStudioVersion = 17.14.36221.1 d17.14
MinimumVisualStudioVersion = 10.0.40219.1
Project("{FAE04EC0-301F-11D3-BF4B-00C04F79EFBC}") = "Online_Exam_system", "Online_Exam_system.csproj", "{6876E1D2-5338-4EFF-BB35-E142B321D49D}"
EndProject
Global
	GlobalSection(SolutionConfigurationPlatforms) = preSolution
		Debug|Any CPU = Debug|Any CPU
		Release|Any CPU = Release|Any CPU
	EndGlobalSection
	GlobalSection(ProjectConfigurationPlatforms) = postSolution
		{6876E1D2-5338-4EFF-BB35-E142B321D49D}.Debug|Any CPU.ActiveCfg = Debug|Any CPU
		{6876E1D2-5338-4EFF-BB35-E142B321D49D}.Debug|Any CPU.Build.0 = Debug|Any CPU
		{6876E1D2-5338-4EFF-BB35-E142B321D49D}.Release|Any CPU.ActiveCfg = Release|Any CPU
		{6876E1D2-5338-4EFF-BB35-E142B321D49D}.Release|Any CPU.Build.0 = Release|Any CPU
	EndGlobalSection
	GlobalSection(SolutionProperties) = preSolution
		HideSolutionNode = FALSE
	EndGlobalSection
	GlobalSection(ExtensibilityGlobals) = postSolution
		SolutionGuid = {757741D3-6901-4654-932C-A7C9793EF851}
	EndGlobalSection
EndGlobal
